
Microsoft Visual Studio Solution File, Format Version 12.00
# Visual Studio 14
VisualStudioVersion = 14.0.25420.1
MinimumVisualStudioVersion = 10.0.40219.1
Project("{FAE04EC0-301F-11D3-BF4B-00C04F79EFBC}") = "Goalman.Service", "Goalman.Service\Goalman.Service.csproj", "{F17AB2E2-57E6-4124-A053-8F507651146C}"
EndProject
Project("{FAE04EC0-301F-11D3-BF4B-00C04F79EFBC}") = "GoalManSettings", "GoalManSettings\GoalManSettings.csproj", "{F4467D92-34A0-4C24-83F6-982F1D254885}"
EndProject
Project("{FAE04EC0-301F-11D3-BF4B-00C04F79EFBC}") = "GoalmanUI", "GoalmanUI\GoalmanUI.csproj", "{EFF98EA3-9462-42A5-9EC4-92DD64AD012F}"
EndProject
Global
	GlobalSection(SolutionConfigurationPlatforms) = preSolution
		Debug|Any CPU = Debug|Any CPU
		Release|Any CPU = Release|Any CPU
	EndGlobalSection
	GlobalSection(ProjectConfigurationPlatforms) = postSolution
		{F17AB2E2-57E6-4124-A053-8F507651146C}.Debug|Any CPU.ActiveCfg = Debug|Any CPU
		{F17AB2E2-57E6-4124-A053-8F507651146C}.Debug|Any CPU.Build.0 = Debug|Any CPU
		{F17AB2E2-57E6-4124-A053-8F507651146C}.Release|Any CPU.ActiveCfg = Release|Any CPU
		{F17AB2E2-57E6-4124-A053-8F507651146C}.Release|Any CPU.Build.0 = Release|Any CPU
		{F4467D92-34A0-4C24-83F6-982F1D254885}.Debug|Any CPU.ActiveCfg = Debug|Any CPU
		{F4467D92-34A0-4C24-83F6-982F1D254885}.Debug|Any CPU.Build.0 = Debug|Any CPU
		{F4467D92-34A0-4C24-83F6-982F1D254885}.Release|Any CPU.ActiveCfg = Release|Any CPU
		{F4467D92-34A0-4C24-83F6-982F1D254885}.Release|Any CPU.Build.0 = Release|Any CPU
		{EFF98EA3-9462-42A5-9EC4-92DD64AD012F}.Debug|Any CPU.ActiveCfg = Debug|Any CPU
		{EFF98EA3-9462-42A5-9EC4-92DD64AD012F}.Debug|Any CPU.Build.0 = Debug|Any CPU
		{EFF98EA3-9462-42A5-9EC4-92DD64AD012F}.Release|Any CPU.ActiveCfg = Release|Any CPU
		{EFF98EA3-9462-42A5-9EC4-92DD64AD012F}.Release|Any CPU.Build.0 = Release|Any CPU
	EndGlobalSection
	GlobalSection(SolutionProperties) = preSolution
		HideSolutionNode = FALSE
	EndGlobalSection
EndGlobal
